// !$*UTF8*$!
{
	archiveVersion = 1;
	classes = {
	};
	objectVersion = 46;
	objects = {

/* Begin PBXBuildFile section */
		35B309276E7C4104E109C349 /* Pods_AroundAI.framework in Frameworks */ = {isa = PBXBuildFile; fileRef = D6BFC31B8814BB59C97EBED3 /* Pods_AroundAI.framework */; };
		3CCB0DA83D60B02C73795E24 /* Pods_AroundAITests.framework in Frameworks */ = {isa = PBXBuildFile; fileRef = 50728556203F8A4942BF899F /* Pods_AroundAITests.framework */; };
		7612513A6E1152839D82DB7F /* Pods_AroundAIUITests.framework in Frameworks */ = {isa = PBXBuildFile; fileRef = 6E04624A77ED101A54731ED4 /* Pods_AroundAIUITests.framework */; };
		84F5B7921F72B0F10051CE2F /* PlacePickerVC.swift in Sources */ = {isa = PBXBuildFile; fileRef = 84F5B7911F72B0F10051CE2F /* PlacePickerVC.swift */; };
		84F943F31F6FECD4006EE87C /* AppDelegate.swift in Sources */ = {isa = PBXBuildFile; fileRef = 84F943F21F6FECD4006EE87C /* AppDelegate.swift */; };
		84F943F51F6FECD4006EE87C /* PlacePickingVC.swift in Sources */ = {isa = PBXBuildFile; fileRef = 84F943F41F6FECD4006EE87C /* PlacePickingVC.swift */; };
		84F943F81F6FECD4006EE87C /* Main.storyboard in Resources */ = {isa = PBXBuildFile; fileRef = 84F943F61F6FECD4006EE87C /* Main.storyboard */; };
		84F943FB1F6FECD4006EE87C /* AroundAI.xcdatamodeld in Sources */ = {isa = PBXBuildFile; fileRef = 84F943F91F6FECD4006EE87C /* AroundAI.xcdatamodeld */; };
		84F944001F6FECD4006EE87C /* LaunchScreen.storyboard in Resources */ = {isa = PBXBuildFile; fileRef = 84F943FE1F6FECD4006EE87C /* LaunchScreen.storyboard */; };
		84F9440B1F6FECD4006EE87C /* AroundAITests.swift in Sources */ = {isa = PBXBuildFile; fileRef = 84F9440A1F6FECD4006EE87C /* AroundAITests.swift */; };
		84F944161F6FECD4006EE87C /* AroundAIUITests.swift in Sources */ = {isa = PBXBuildFile; fileRef = 84F944151F6FECD4006EE87C /* AroundAIUITests.swift */; };
		84F944261F6FEF4D006EE87C /* GoogleService-Info.plist in Resources */ = {isa = PBXBuildFile; fileRef = 84F944251F6FEF4D006EE87C /* GoogleService-Info.plist */; };
		84F9442F1F6FF8D1006EE87C /* MasterVC.swift in Sources */ = {isa = PBXBuildFile; fileRef = 84F9442C1F6FF8D1006EE87C /* MasterVC.swift */; };
		84F944301F6FF8D1006EE87C /* MapVC.swift in Sources */ = {isa = PBXBuildFile; fileRef = 84F9442D1F6FF8D1006EE87C /* MapVC.swift */; };
		84F944311F6FF8D1006EE87C /* ARKitVC.swift in Sources */ = {isa = PBXBuildFile; fileRef = 84F9442E1F6FF8D1006EE87C /* ARKitVC.swift */; };
/* End PBXBuildFile section */

/* Begin PBXContainerItemProxy section */
		84F944071F6FECD4006EE87C /* PBXContainerItemProxy */ = {
			isa = PBXContainerItemProxy;
			containerPortal = 84F943E71F6FECD4006EE87C /* Project object */;
			proxyType = 1;
			remoteGlobalIDString = 84F943EE1F6FECD4006EE87C;
			remoteInfo = AroundAI;
		};
		84F944121F6FECD4006EE87C /* PBXContainerItemProxy */ = {
			isa = PBXContainerItemProxy;
			containerPortal = 84F943E71F6FECD4006EE87C /* Project object */;
			proxyType = 1;
			remoteGlobalIDString = 84F943EE1F6FECD4006EE87C;
			remoteInfo = AroundAI;
		};
/* End PBXContainerItemProxy section */

/* Begin PBXFileReference section */
		2DDF62C5C7371E338F12720D /* Pods-AroundAIUITests.release.xcconfig */ = {isa = PBXFileReference; includeInIndex = 1; lastKnownFileType = text.xcconfig; name = "Pods-AroundAIUITests.release.xcconfig"; path = "Pods/Target Support Files/Pods-AroundAIUITests/Pods-AroundAIUITests.release.xcconfig"; sourceTree = "<group>"; };
		3F0E37B785E68E6F090BBFC5 /* Pods-AroundAITests.release.xcconfig */ = {isa = PBXFileReference; includeInIndex = 1; lastKnownFileType = text.xcconfig; name = "Pods-AroundAITests.release.xcconfig"; path = "Pods/Target Support Files/Pods-AroundAITests/Pods-AroundAITests.release.xcconfig"; sourceTree = "<group>"; };
		50728556203F8A4942BF899F /* Pods_AroundAITests.framework */ = {isa = PBXFileReference; explicitFileType = wrapper.framework; includeInIndex = 0; path = Pods_AroundAITests.framework; sourceTree = BUILT_PRODUCTS_DIR; };
		552015EE0424D0663E9492DF /* Pods-AroundAIUITests.debug.xcconfig */ = {isa = PBXFileReference; includeInIndex = 1; lastKnownFileType = text.xcconfig; name = "Pods-AroundAIUITests.debug.xcconfig"; path = "Pods/Target Support Files/Pods-AroundAIUITests/Pods-AroundAIUITests.debug.xcconfig"; sourceTree = "<group>"; };
		6E04624A77ED101A54731ED4 /* Pods_AroundAIUITests.framework */ = {isa = PBXFileReference; explicitFileType = wrapper.framework; includeInIndex = 0; path = Pods_AroundAIUITests.framework; sourceTree = BUILT_PRODUCTS_DIR; };
		6F340D4C980AF6082E0075A1 /* Pods-AroundAITests.debug.xcconfig */ = {isa = PBXFileReference; includeInIndex = 1; lastKnownFileType = text.xcconfig; name = "Pods-AroundAITests.debug.xcconfig"; path = "Pods/Target Support Files/Pods-AroundAITests/Pods-AroundAITests.debug.xcconfig"; sourceTree = "<group>"; };
		84B830521F73FF3F00F65681 /* AroundAI.entitlements */ = {isa = PBXFileReference; lastKnownFileType = text.plist.entitlements; path = AroundAI.entitlements; sourceTree = "<group>"; };
		84F5B7911F72B0F10051CE2F /* PlacePickerVC.swift */ = {isa = PBXFileReference; fileEncoding = 4; lastKnownFileType = sourcecode.swift; path = PlacePickerVC.swift; sourceTree = "<group>"; };
		84F943EF1F6FECD4006EE87C /* AroundAI.app */ = {isa = PBXFileReference; explicitFileType = wrapper.application; includeInIndex = 0; path = AroundAI.app; sourceTree = BUILT_PRODUCTS_DIR; };
		84F943F21F6FECD4006EE87C /* AppDelegate.swift */ = {isa = PBXFileReference; lastKnownFileType = sourcecode.swift; path = AppDelegate.swift; sourceTree = "<group>"; };
		84F943F41F6FECD4006EE87C /* PlacePickingVC.swift */ = {isa = PBXFileReference; lastKnownFileType = sourcecode.swift; path = PlacePickingVC.swift; sourceTree = "<group>"; };
		84F943F71F6FECD4006EE87C /* Base */ = {isa = PBXFileReference; lastKnownFileType = file.storyboard; name = Base; path = Base.lproj/Main.storyboard; sourceTree = "<group>"; };
		84F943FA1F6FECD4006EE87C /* AroundAI.xcdatamodel */ = {isa = PBXFileReference; lastKnownFileType = wrapper.xcdatamodel; path = AroundAI.xcdatamodel; sourceTree = "<group>"; };
		84F943FF1F6FECD4006EE87C /* Base */ = {isa = PBXFileReference; lastKnownFileType = file.storyboard; name = Base; path = Base.lproj/LaunchScreen.storyboard; sourceTree = "<group>"; };
		84F944011F6FECD4006EE87C /* Info.plist */ = {isa = PBXFileReference; lastKnownFileType = text.plist.xml; path = Info.plist; sourceTree = "<group>"; };
		84F944061F6FECD4006EE87C /* AroundAITests.xctest */ = {isa = PBXFileReference; explicitFileType = wrapper.cfbundle; includeInIndex = 0; path = AroundAITests.xctest; sourceTree = BUILT_PRODUCTS_DIR; };
		84F9440A1F6FECD4006EE87C /* AroundAITests.swift */ = {isa = PBXFileReference; lastKnownFileType = sourcecode.swift; path = AroundAITests.swift; sourceTree = "<group>"; };
		84F9440C1F6FECD4006EE87C /* Info.plist */ = {isa = PBXFileReference; lastKnownFileType = text.plist.xml; path = Info.plist; sourceTree = "<group>"; };
		84F944111F6FECD4006EE87C /* AroundAIUITests.xctest */ = {isa = PBXFileReference; explicitFileType = wrapper.cfbundle; includeInIndex = 0; path = AroundAIUITests.xctest; sourceTree = BUILT_PRODUCTS_DIR; };
		84F944151F6FECD4006EE87C /* AroundAIUITests.swift */ = {isa = PBXFileReference; lastKnownFileType = sourcecode.swift; path = AroundAIUITests.swift; sourceTree = "<group>"; };
		84F944171F6FECD4006EE87C /* Info.plist */ = {isa = PBXFileReference; lastKnownFileType = text.plist.xml; path = Info.plist; sourceTree = "<group>"; };
		84F944251F6FEF4D006EE87C /* GoogleService-Info.plist */ = {isa = PBXFileReference; fileEncoding = 4; lastKnownFileType = text.plist.xml; name = "GoogleService-Info.plist"; path = "../GoogleService-Info.plist"; sourceTree = "<group>"; };
		84F9442C1F6FF8D1006EE87C /* MasterVC.swift */ = {isa = PBXFileReference; fileEncoding = 4; lastKnownFileType = sourcecode.swift; path = MasterVC.swift; sourceTree = "<group>"; };
		84F9442D1F6FF8D1006EE87C /* MapVC.swift */ = {isa = PBXFileReference; fileEncoding = 4; lastKnownFileType = sourcecode.swift; path = MapVC.swift; sourceTree = "<group>"; };
		84F9442E1F6FF8D1006EE87C /* ARKitVC.swift */ = {isa = PBXFileReference; fileEncoding = 4; lastKnownFileType = sourcecode.swift; path = ARKitVC.swift; sourceTree = "<group>"; };
		98071D99C3A64FCEB141BE31 /* Pods-AroundAI.debug.xcconfig */ = {isa = PBXFileReference; includeInIndex = 1; lastKnownFileType = text.xcconfig; name = "Pods-AroundAI.debug.xcconfig"; path = "Pods/Target Support Files/Pods-AroundAI/Pods-AroundAI.debug.xcconfig"; sourceTree = "<group>"; };
		D6BFC31B8814BB59C97EBED3 /* Pods_AroundAI.framework */ = {isa = PBXFileReference; explicitFileType = wrapper.framework; includeInIndex = 0; path = Pods_AroundAI.framework; sourceTree = BUILT_PRODUCTS_DIR; };
		FDF88E3631F6E1D1C3F180F1 /* Pods-AroundAI.release.xcconfig */ = {isa = PBXFileReference; includeInIndex = 1; lastKnownFileType = text.xcconfig; name = "Pods-AroundAI.release.xcconfig"; path = "Pods/Target Support Files/Pods-AroundAI/Pods-AroundAI.release.xcconfig"; sourceTree = "<group>"; };
/* End PBXFileReference section */

/* Begin PBXFrameworksBuildPhase section */
		84F943EC1F6FECD4006EE87C /* Frameworks */ = {
			isa = PBXFrameworksBuildPhase;
			buildActionMask = 2147483647;
			files = (
				35B309276E7C4104E109C349 /* Pods_AroundAI.framework in Frameworks */,
			);
			runOnlyForDeploymentPostprocessing = 0;
		};
		84F944031F6FECD4006EE87C /* Frameworks */ = {
			isa = PBXFrameworksBuildPhase;
			buildActionMask = 2147483647;
			files = (
				3CCB0DA83D60B02C73795E24 /* Pods_AroundAITests.framework in Frameworks */,
			);
			runOnlyForDeploymentPostprocessing = 0;
		};
		84F9440E1F6FECD4006EE87C /* Frameworks */ = {
			isa = PBXFrameworksBuildPhase;
			buildActionMask = 2147483647;
			files = (
				7612513A6E1152839D82DB7F /* Pods_AroundAIUITests.framework in Frameworks */,
			);
			runOnlyForDeploymentPostprocessing = 0;
		};
/* End PBXFrameworksBuildPhase section */

/* Begin PBXGroup section */
		3A64D399963EDB8FB92B00DE /* Frameworks */ = {
			isa = PBXGroup;
			children = (
				D6BFC31B8814BB59C97EBED3 /* Pods_AroundAI.framework */,
				50728556203F8A4942BF899F /* Pods_AroundAITests.framework */,
				6E04624A77ED101A54731ED4 /* Pods_AroundAIUITests.framework */,
			);
			name = Frameworks;
			sourceTree = "<group>";
		};
		4EBDF4F4F5D9C0D139B74E92 /* Pods */ = {
			isa = PBXGroup;
			children = (
				98071D99C3A64FCEB141BE31 /* Pods-AroundAI.debug.xcconfig */,
				FDF88E3631F6E1D1C3F180F1 /* Pods-AroundAI.release.xcconfig */,
				6F340D4C980AF6082E0075A1 /* Pods-AroundAITests.debug.xcconfig */,
				3F0E37B785E68E6F090BBFC5 /* Pods-AroundAITests.release.xcconfig */,
				552015EE0424D0663E9492DF /* Pods-AroundAIUITests.debug.xcconfig */,
				2DDF62C5C7371E338F12720D /* Pods-AroundAIUITests.release.xcconfig */,
			);
			name = Pods;
			sourceTree = "<group>";
		};
		84F943E61F6FECD4006EE87C = {
			isa = PBXGroup;
			children = (
				84F943F11F6FECD4006EE87C /* AroundAI */,
				84F944091F6FECD4006EE87C /* AroundAITests */,
				84F944141F6FECD4006EE87C /* AroundAIUITests */,
				84F943F01F6FECD4006EE87C /* Products */,
				4EBDF4F4F5D9C0D139B74E92 /* Pods */,
				3A64D399963EDB8FB92B00DE /* Frameworks */,
			);
			sourceTree = "<group>";
		};
		84F943F01F6FECD4006EE87C /* Products */ = {
			isa = PBXGroup;
			children = (
				84F943EF1F6FECD4006EE87C /* AroundAI.app */,
				84F944061F6FECD4006EE87C /* AroundAITests.xctest */,
				84F944111F6FECD4006EE87C /* AroundAIUITests.xctest */,
			);
			name = Products;
			sourceTree = "<group>";
		};
		84F943F11F6FECD4006EE87C /* AroundAI */ = {
			isa = PBXGroup;
			children = (
				84B830521F73FF3F00F65681 /* AroundAI.entitlements */,
				84F9442B1F6FF865006EE87C /* Controller */,
				84F9442A1F6FF85D006EE87C /* View */,
				84F944291F6FF855006EE87C /* Model */,
				84F944281F6FF844006EE87C /* Extension */,
				84F944271F6FF837006EE87C /* Service */,
				84F943F21F6FECD4006EE87C /* AppDelegate.swift */,
				84F943F61F6FECD4006EE87C /* Main.storyboard */,
				84F943FE1F6FECD4006EE87C /* LaunchScreen.storyboard */,
				84F944011F6FECD4006EE87C /* Info.plist */,
				84F943F91F6FECD4006EE87C /* AroundAI.xcdatamodeld */,
				84F944251F6FEF4D006EE87C /* GoogleService-Info.plist */,
			);
			path = AroundAI;
			sourceTree = "<group>";
		};
		84F944091F6FECD4006EE87C /* AroundAITests */ = {
			isa = PBXGroup;
			children = (
				84F9440A1F6FECD4006EE87C /* AroundAITests.swift */,
				84F9440C1F6FECD4006EE87C /* Info.plist */,
			);
			path = AroundAITests;
			sourceTree = "<group>";
		};
		84F944141F6FECD4006EE87C /* AroundAIUITests */ = {
			isa = PBXGroup;
			children = (
				84F944151F6FECD4006EE87C /* AroundAIUITests.swift */,
				84F944171F6FECD4006EE87C /* Info.plist */,
			);
			path = AroundAIUITests;
			sourceTree = "<group>";
		};
		84F944271F6FF837006EE87C /* Service */ = {
			isa = PBXGroup;
			children = (
			);
			name = Service;
			sourceTree = "<group>";
		};
		84F944281F6FF844006EE87C /* Extension */ = {
			isa = PBXGroup;
			children = (
			);
			name = Extension;
			sourceTree = "<group>";
		};
		84F944291F6FF855006EE87C /* Model */ = {
			isa = PBXGroup;
			children = (
			);
			name = Model;
			sourceTree = "<group>";
		};
		84F9442A1F6FF85D006EE87C /* View */ = {
			isa = PBXGroup;
			children = (
			);
			name = View;
			sourceTree = "<group>";
		};
		84F9442B1F6FF865006EE87C /* Controller */ = {
			isa = PBXGroup;
			children = (
				84F9442C1F6FF8D1006EE87C /* MasterVC.swift */,
				84F9442D1F6FF8D1006EE87C /* MapVC.swift */,
				84F9442E1F6FF8D1006EE87C /* ARKitVC.swift */,
				84F943F41F6FECD4006EE87C /* PlacePickingVC.swift */,
				84F5B7911F72B0F10051CE2F /* PlacePickerVC.swift */,
			);
			name = Controller;
			sourceTree = "<group>";
		};
/* End PBXGroup section */

/* Begin PBXNativeTarget section */
		84F943EE1F6FECD4006EE87C /* AroundAI */ = {
			isa = PBXNativeTarget;
			buildConfigurationList = 84F9441A1F6FECD4006EE87C /* Build configuration list for PBXNativeTarget "AroundAI" */;
			buildPhases = (
				5D2C83B01E69ACC771120813 /* [CP] Check Pods Manifest.lock */,
				84F943EB1F6FECD4006EE87C /* Sources */,
				84F943EC1F6FECD4006EE87C /* Frameworks */,
				84F943ED1F6FECD4006EE87C /* Resources */,
				B0BA244DAF1FE712807DDAB9 /* [CP] Embed Pods Frameworks */,
				45417EF4332275EB6B446E01 /* [CP] Copy Pods Resources */,
			);
			buildRules = (
			);
			dependencies = (
			);
			name = AroundAI;
			productName = AroundAI;
			productReference = 84F943EF1F6FECD4006EE87C /* AroundAI.app */;
			productType = "com.apple.product-type.application";
		};
		84F944051F6FECD4006EE87C /* AroundAITests */ = {
			isa = PBXNativeTarget;
			buildConfigurationList = 84F9441D1F6FECD4006EE87C /* Build configuration list for PBXNativeTarget "AroundAITests" */;
			buildPhases = (
				9CD091181AC03BAF873DD805 /* [CP] Check Pods Manifest.lock */,
				84F944021F6FECD4006EE87C /* Sources */,
				84F944031F6FECD4006EE87C /* Frameworks */,
				84F944041F6FECD4006EE87C /* Resources */,
				B0B6B4361BDA5AF57DD9DD48 /* [CP] Embed Pods Frameworks */,
				210636DCF3F887EBCE0C0B28 /* [CP] Copy Pods Resources */,
			);
			buildRules = (
			);
			dependencies = (
				84F944081F6FECD4006EE87C /* PBXTargetDependency */,
			);
			name = AroundAITests;
			productName = AroundAITests;
			productReference = 84F944061F6FECD4006EE87C /* AroundAITests.xctest */;
			productType = "com.apple.product-type.bundle.unit-test";
		};
		84F944101F6FECD4006EE87C /* AroundAIUITests */ = {
			isa = PBXNativeTarget;
			buildConfigurationList = 84F944201F6FECD4006EE87C /* Build configuration list for PBXNativeTarget "AroundAIUITests" */;
			buildPhases = (
				5CAAEA2D3BEBE691A57FCFD0 /* [CP] Check Pods Manifest.lock */,
				84F9440D1F6FECD4006EE87C /* Sources */,
				84F9440E1F6FECD4006EE87C /* Frameworks */,
				84F9440F1F6FECD4006EE87C /* Resources */,
				878B10DCFE7EF5E8306C65DC /* [CP] Embed Pods Frameworks */,
				69BF249ABB934FA14C3378F0 /* [CP] Copy Pods Resources */,
			);
			buildRules = (
			);
			dependencies = (
				84F944131F6FECD4006EE87C /* PBXTargetDependency */,
			);
			name = AroundAIUITests;
			productName = AroundAIUITests;
			productReference = 84F944111F6FECD4006EE87C /* AroundAIUITests.xctest */;
			productType = "com.apple.product-type.bundle.ui-testing";
		};
/* End PBXNativeTarget section */

/* Begin PBXProject section */
		84F943E71F6FECD4006EE87C /* Project object */ = {
			isa = PBXProject;
			attributes = {
				LastSwiftUpdateCheck = 0830;
				LastUpgradeCheck = 0830;
				ORGANIZATIONNAME = MuhammadAamir;
				TargetAttributes = {
					84F943EE1F6FECD4006EE87C = {
						CreatedOnToolsVersion = 8.3.3;
						DevelopmentTeam = SUBZ24DP5B;
						ProvisioningStyle = Automatic;
						SystemCapabilities = {
							com.apple.Push = {
								enabled = 1;
							};
						};
					};
					84F944051F6FECD4006EE87C = {
						CreatedOnToolsVersion = 8.3.3;
						DevelopmentTeam = SUBZ24DP5B;
						ProvisioningStyle = Automatic;
						TestTargetID = 84F943EE1F6FECD4006EE87C;
					};
					84F944101F6FECD4006EE87C = {
						CreatedOnToolsVersion = 8.3.3;
						DevelopmentTeam = SUBZ24DP5B;
						ProvisioningStyle = Automatic;
						TestTargetID = 84F943EE1F6FECD4006EE87C;
					};
				};
			};
			buildConfigurationList = 84F943EA1F6FECD4006EE87C /* Build configuration list for PBXProject "AroundAI" */;
			compatibilityVersion = "Xcode 3.2";
			developmentRegion = English;
			hasScannedForEncodings = 0;
			knownRegions = (
				en,
				Base,
			);
			mainGroup = 84F943E61F6FECD4006EE87C;
			productRefGroup = 84F943F01F6FECD4006EE87C /* Products */;
			projectDirPath = "";
			projectRoot = "";
			targets = (
				84F943EE1F6FECD4006EE87C /* AroundAI */,
				84F944051F6FECD4006EE87C /* AroundAITests */,
				84F944101F6FECD4006EE87C /* AroundAIUITests */,
			);
		};
/* End PBXProject section */

/* Begin PBXResourcesBuildPhase section */
		84F943ED1F6FECD4006EE87C /* Resources */ = {
			isa = PBXResourcesBuildPhase;
			buildActionMask = 2147483647;
			files = (
				84F944001F6FECD4006EE87C /* LaunchScreen.storyboard in Resources */,
				84F944261F6FEF4D006EE87C /* GoogleService-Info.plist in Resources */,
				84F943F81F6FECD4006EE87C /* Main.storyboard in Resources */,
			);
			runOnlyForDeploymentPostprocessing = 0;
		};
		84F944041F6FECD4006EE87C /* Resources */ = {
			isa = PBXResourcesBuildPhase;
			buildActionMask = 2147483647;
			files = (
			);
			runOnlyForDeploymentPostprocessing = 0;
		};
		84F9440F1F6FECD4006EE87C /* Resources */ = {
			isa = PBXResourcesBuildPhase;
			buildActionMask = 2147483647;
			files = (
			);
			runOnlyForDeploymentPostprocessing = 0;
		};
/* End PBXResourcesBuildPhase section */

/* Begin PBXShellScriptBuildPhase section */
		210636DCF3F887EBCE0C0B28 /* [CP] Copy Pods Resources */ = {
			isa = PBXShellScriptBuildPhase;
			buildActionMask = 2147483647;
			files = (
			);
			inputPaths = (
			);
			name = "[CP] Copy Pods Resources";
			outputPaths = (
			);
			runOnlyForDeploymentPostprocessing = 0;
			shellPath = /bin/sh;
			shellScript = "\"${SRCROOT}/Pods/Target Support Files/Pods-AroundAITests/Pods-AroundAITests-resources.sh\"\n";
			showEnvVarsInLog = 0;
		};
		45417EF4332275EB6B446E01 /* [CP] Copy Pods Resources */ = {
			isa = PBXShellScriptBuildPhase;
			buildActionMask = 2147483647;
			files = (
			);
			inputPaths = (
				"${SRCROOT}/Pods/Target Support Files/Pods-AroundAI/Pods-AroundAI-resources.sh",
				"${PODS_ROOT}/GoogleMaps/Maps/Frameworks/GoogleMaps.framework/Resources/GoogleMaps.bundle",
				"${PODS_ROOT}/GooglePlacePicker/Frameworks/GooglePlacePicker.framework/Resources/GooglePlacePicker.bundle",
				"${PODS_ROOT}/GooglePlaces/Frameworks/GooglePlaces.framework/Resources/GooglePlaces.bundle",
			);
			name = "[CP] Copy Pods Resources";
			outputPaths = (
				"${TARGET_BUILD_DIR}/${UNLOCALIZED_RESOURCES_FOLDER_PATH}",
			);
			runOnlyForDeploymentPostprocessing = 0;
			shellPath = /bin/sh;
			shellScript = "\"${SRCROOT}/Pods/Target Support Files/Pods-AroundAI/Pods-AroundAI-resources.sh\"\n";
			showEnvVarsInLog = 0;
		};
		5CAAEA2D3BEBE691A57FCFD0 /* [CP] Check Pods Manifest.lock */ = {
			isa = PBXShellScriptBuildPhase;
			buildActionMask = 2147483647;
			files = (
			);
			inputPaths = (
				"${PODS_PODFILE_DIR_PATH}/Podfile.lock",
				"${PODS_ROOT}/Manifest.lock",
			);
			name = "[CP] Check Pods Manifest.lock";
			outputPaths = (
				"$(DERIVED_FILE_DIR)/Pods-AroundAIUITests-checkManifestLockResult.txt",
			);
			runOnlyForDeploymentPostprocessing = 0;
			shellPath = /bin/sh;
			shellScript = "diff \"${PODS_PODFILE_DIR_PATH}/Podfile.lock\" \"${PODS_ROOT}/Manifest.lock\" > /dev/null\nif [ $? != 0 ] ; then\n    # print error to STDERR\n    echo \"error: The sandbox is not in sync with the Podfile.lock. Run 'pod install' or update your CocoaPods installation.\" >&2\n    exit 1\nfi\n# This output is used by Xcode 'outputs' to avoid re-running this script phase.\necho \"SUCCESS\" > \"${SCRIPT_OUTPUT_FILE_0}\"\n";
			showEnvVarsInLog = 0;
		};
		5D2C83B01E69ACC771120813 /* [CP] Check Pods Manifest.lock */ = {
			isa = PBXShellScriptBuildPhase;
			buildActionMask = 2147483647;
			files = (
			);
			inputPaths = (
				"${PODS_PODFILE_DIR_PATH}/Podfile.lock",
				"${PODS_ROOT}/Manifest.lock",
			);
			name = "[CP] Check Pods Manifest.lock";
			outputPaths = (
				"$(DERIVED_FILE_DIR)/Pods-AroundAI-checkManifestLockResult.txt",
			);
			runOnlyForDeploymentPostprocessing = 0;
			shellPath = /bin/sh;
			shellScript = "diff \"${PODS_PODFILE_DIR_PATH}/Podfile.lock\" \"${PODS_ROOT}/Manifest.lock\" > /dev/null\nif [ $? != 0 ] ; then\n    # print error to STDERR\n    echo \"error: The sandbox is not in sync with the Podfile.lock. Run 'pod install' or update your CocoaPods installation.\" >&2\n    exit 1\nfi\n# This output is used by Xcode 'outputs' to avoid re-running this script phase.\necho \"SUCCESS\" > \"${SCRIPT_OUTPUT_FILE_0}\"\n";
			showEnvVarsInLog = 0;
		};
		69BF249ABB934FA14C3378F0 /* [CP] Copy Pods Resources */ = {
			isa = PBXShellScriptBuildPhase;
			buildActionMask = 2147483647;
			files = (
			);
			inputPaths = (
			);
			name = "[CP] Copy Pods Resources";
			outputPaths = (
			);
			runOnlyForDeploymentPostprocessing = 0;
			shellPath = /bin/sh;
			shellScript = "\"${SRCROOT}/Pods/Target Support Files/Pods-AroundAIUITests/Pods-AroundAIUITests-resources.sh\"\n";
			showEnvVarsInLog = 0;
		};
		878B10DCFE7EF5E8306C65DC /* [CP] Embed Pods Frameworks */ = {
			isa = PBXShellScriptBuildPhase;
			buildActionMask = 2147483647;
			files = (
			);
			inputPaths = (
			);
			name = "[CP] Embed Pods Frameworks";
			outputPaths = (
			);
			runOnlyForDeploymentPostprocessing = 0;
			shellPath = /bin/sh;
			shellScript = "\"${SRCROOT}/Pods/Target Support Files/Pods-AroundAIUITests/Pods-AroundAIUITests-frameworks.sh\"\n";
			showEnvVarsInLog = 0;
		};
		9CD091181AC03BAF873DD805 /* [CP] Check Pods Manifest.lock */ = {
			isa = PBXShellScriptBuildPhase;
			buildActionMask = 2147483647;
			files = (
			);
			inputPaths = (
				"${PODS_PODFILE_DIR_PATH}/Podfile.lock",
				"${PODS_ROOT}/Manifest.lock",
			);
			name = "[CP] Check Pods Manifest.lock";
			outputPaths = (
				"$(DERIVED_FILE_DIR)/Pods-AroundAITests-checkManifestLockResult.txt",
			);
			runOnlyForDeploymentPostprocessing = 0;
			shellPath = /bin/sh;
			shellScript = "diff \"${PODS_PODFILE_DIR_PATH}/Podfile.lock\" \"${PODS_ROOT}/Manifest.lock\" > /dev/null\nif [ $? != 0 ] ; then\n    # print error to STDERR\n    echo \"error: The sandbox is not in sync with the Podfile.lock. Run 'pod install' or update your CocoaPods installation.\" >&2\n    exit 1\nfi\n# This output is used by Xcode 'outputs' to avoid re-running this script phase.\necho \"SUCCESS\" > \"${SCRIPT_OUTPUT_FILE_0}\"\n";
			showEnvVarsInLog = 0;
		};
		B0B6B4361BDA5AF57DD9DD48 /* [CP] Embed Pods Frameworks */ = {
			isa = PBXShellScriptBuildPhase;
			buildActionMask = 2147483647;
			files = (
			);
			inputPaths = (
			);
			name = "[CP] Embed Pods Frameworks";
			outputPaths = (
			);
			runOnlyForDeploymentPostprocessing = 0;
			shellPath = /bin/sh;
			shellScript = "\"${SRCROOT}/Pods/Target Support Files/Pods-AroundAITests/Pods-AroundAITests-frameworks.sh\"\n";
			showEnvVarsInLog = 0;
		};
		B0BA244DAF1FE712807DDAB9 /* [CP] Embed Pods Frameworks */ = {
			isa = PBXShellScriptBuildPhase;
			buildActionMask = 2147483647;
			files = (
			);
			inputPaths = (
				"${SRCROOT}/Pods/Target Support Files/Pods-AroundAI/Pods-AroundAI-frameworks.sh",
				"${BUILT_PRODUCTS_DIR}/GoogleToolboxForMac/GoogleToolboxForMac.framework",
				"${BUILT_PRODUCTS_DIR}/nanopb/nanopb.framework",
			);
			name = "[CP] Embed Pods Frameworks";
			outputPaths = (
				"${TARGET_BUILD_DIR}/${FRAMEWORKS_FOLDER_PATH}/GoogleToolboxForMac.framework",
				"${TARGET_BUILD_DIR}/${FRAMEWORKS_FOLDER_PATH}/nanopb.framework",
			);
			runOnlyForDeploymentPostprocessing = 0;
			shellPath = /bin/sh;
			shellScript = "\"${SRCROOT}/Pods/Target Support Files/Pods-AroundAI/Pods-AroundAI-frameworks.sh\"\n";
			showEnvVarsInLog = 0;
		};
/* End PBXShellScriptBuildPhase section */

/* Begin PBXSourcesBuildPhase section */
		84F943EB1F6FECD4006EE87C /* Sources */ = {
			isa = PBXSourcesBuildPhase;
			buildActionMask = 2147483647;
			files = (
				84F5B7921F72B0F10051CE2F /* PlacePickerVC.swift in Sources */,
				84F944301F6FF8D1006EE87C /* MapVC.swift in Sources */,
				84F943F51F6FECD4006EE87C /* PlacePickingVC.swift in Sources */,
				84F943F31F6FECD4006EE87C /* AppDelegate.swift in Sources */,
				84F9442F1F6FF8D1006EE87C /* MasterVC.swift in Sources */,
				84F944311F6FF8D1006EE87C /* ARKitVC.swift in Sources */,
				84F943FB1F6FECD4006EE87C /* AroundAI.xcdatamodeld in Sources */,
			);
			runOnlyForDeploymentPostprocessing = 0;
		};
		84F944021F6FECD4006EE87C /* Sources */ = {
			isa = PBXSourcesBuildPhase;
			buildActionMask = 2147483647;
			files = (
				84F9440B1F6FECD4006EE87C /* AroundAITests.swift in Sources */,
			);
			runOnlyForDeploymentPostprocessing = 0;
		};
		84F9440D1F6FECD4006EE87C /* Sources */ = {
			isa = PBXSourcesBuildPhase;
			buildActionMask = 2147483647;
			files = (
				84F944161F6FECD4006EE87C /* AroundAIUITests.swift in Sources */,
			);
			runOnlyForDeploymentPostprocessing = 0;
		};
/* End PBXSourcesBuildPhase section */

/* Begin PBXTargetDependency section */
		84F944081F6FECD4006EE87C /* PBXTargetDependency */ = {
			isa = PBXTargetDependency;
			target = 84F943EE1F6FECD4006EE87C /* AroundAI */;
			targetProxy = 84F944071F6FECD4006EE87C /* PBXContainerItemProxy */;
		};
		84F944131F6FECD4006EE87C /* PBXTargetDependency */ = {
			isa = PBXTargetDependency;
			target = 84F943EE1F6FECD4006EE87C /* AroundAI */;
			targetProxy = 84F944121F6FECD4006EE87C /* PBXContainerItemProxy */;
		};
/* End PBXTargetDependency section */

/* Begin PBXVariantGroup section */
		84F943F61F6FECD4006EE87C /* Main.storyboard */ = {
			isa = PBXVariantGroup;
			children = (
				84F943F71F6FECD4006EE87C /* Base */,
			);
			name = Main.storyboard;
			sourceTree = "<group>";
		};
		84F943FE1F6FECD4006EE87C /* LaunchScreen.storyboard */ = {
			isa = PBXVariantGroup;
			children = (
				84F943FF1F6FECD4006EE87C /* Base */,
			);
			name = LaunchScreen.storyboard;
			sourceTree = "<group>";
		};
/* End PBXVariantGroup section */

/* Begin XCBuildConfiguration section */
		84F944181F6FECD4006EE87C /* Debug */ = {
			isa = XCBuildConfiguration;
			buildSettings = {
				ALWAYS_SEARCH_USER_PATHS = NO;
				CLANG_ANALYZER_NONNULL = YES;
				CLANG_ANALYZER_NUMBER_OBJECT_CONVERSION = YES_AGGRESSIVE;
				CLANG_CXX_LANGUAGE_STANDARD = "gnu++0x";
				CLANG_CXX_LIBRARY = "libc++";
				CLANG_ENABLE_MODULES = YES;
				CLANG_ENABLE_OBJC_ARC = YES;
				CLANG_WARN_BOOL_CONVERSION = YES;
				CLANG_WARN_CONSTANT_CONVERSION = YES;
				CLANG_WARN_DIRECT_OBJC_ISA_USAGE = YES_ERROR;
				CLANG_WARN_DOCUMENTATION_COMMENTS = YES;
				CLANG_WARN_EMPTY_BODY = YES;
				CLANG_WARN_ENUM_CONVERSION = YES;
				CLANG_WARN_INFINITE_RECURSION = YES;
				CLANG_WARN_INT_CONVERSION = YES;
				CLANG_WARN_OBJC_ROOT_CLASS = YES_ERROR;
				CLANG_WARN_SUSPICIOUS_MOVE = YES;
				CLANG_WARN_UNREACHABLE_CODE = YES;
				CLANG_WARN__DUPLICATE_METHOD_MATCH = YES;
				"CODE_SIGN_IDENTITY[sdk=iphoneos*]" = "iPhone Developer";
				COPY_PHASE_STRIP = NO;
				DEBUG_INFORMATION_FORMAT = dwarf;
				ENABLE_STRICT_OBJC_MSGSEND = YES;
				ENABLE_TESTABILITY = YES;
				GCC_C_LANGUAGE_STANDARD = gnu99;
				GCC_DYNAMIC_NO_PIC = NO;
				GCC_NO_COMMON_BLOCKS = YES;
				GCC_OPTIMIZATION_LEVEL = 0;
				GCC_PREPROCESSOR_DEFINITIONS = (
					"DEBUG=1",
					"$(inherited)",
				);
				GCC_WARN_64_TO_32_BIT_CONVERSION = YES;
				GCC_WARN_ABOUT_RETURN_TYPE = YES_ERROR;
				GCC_WARN_UNDECLARED_SELECTOR = YES;
				GCC_WARN_UNINITIALIZED_AUTOS = YES_AGGRESSIVE;
				GCC_WARN_UNUSED_FUNCTION = YES;
				GCC_WARN_UNUSED_VARIABLE = YES;
				IPHONEOS_DEPLOYMENT_TARGET = 10.3;
				MTL_ENABLE_DEBUG_INFO = YES;
				ONLY_ACTIVE_ARCH = YES;
				SDKROOT = iphoneos;
				SWIFT_ACTIVE_COMPILATION_CONDITIONS = DEBUG;
				SWIFT_OPTIMIZATION_LEVEL = "-Onone";
				TARGETED_DEVICE_FAMILY = "1,2";
			};
			name = Debug;
		};
		84F944191F6FECD4006EE87C /* Release */ = {
			isa = XCBuildConfiguration;
			buildSettings = {
				ALWAYS_SEARCH_USER_PATHS = NO;
				CLANG_ANALYZER_NONNULL = YES;
				CLANG_ANALYZER_NUMBER_OBJECT_CONVERSION = YES_AGGRESSIVE;
				CLANG_CXX_LANGUAGE_STANDARD = "gnu++0x";
				CLANG_CXX_LIBRARY = "libc++";
				CLANG_ENABLE_MODULES = YES;
				CLANG_ENABLE_OBJC_ARC = YES;
				CLANG_WARN_BOOL_CONVERSION = YES;
				CLANG_WARN_CONSTANT_CONVERSION = YES;
				CLANG_WARN_DIRECT_OBJC_ISA_USAGE = YES_ERROR;
				CLANG_WARN_DOCUMENTATION_COMMENTS = YES;
				CLANG_WARN_EMPTY_BODY = YES;
				CLANG_WARN_ENUM_CONVERSION = YES;
				CLANG_WARN_INFINITE_RECURSION = YES;
				CLANG_WARN_INT_CONVERSION = YES;
				CLANG_WARN_OBJC_ROOT_CLASS = YES_ERROR;
				CLANG_WARN_SUSPICIOUS_MOVE = YES;
				CLANG_WARN_UNREACHABLE_CODE = YES;
				CLANG_WARN__DUPLICATE_METHOD_MATCH = YES;
				"CODE_SIGN_IDENTITY[sdk=iphoneos*]" = "iPhone Developer";
				COPY_PHASE_STRIP = NO;
				DEBUG_INFORMATION_FORMAT = "dwarf-with-dsym";
				ENABLE_NS_ASSERTIONS = NO;
				ENABLE_STRICT_OBJC_MSGSEND = YES;
				GCC_C_LANGUAGE_STANDARD = gnu99;
				GCC_NO_COMMON_BLOCKS = YES;
				GCC_WARN_64_TO_32_BIT_CONVERSION = YES;
				GCC_WARN_ABOUT_RETURN_TYPE = YES_ERROR;
				GCC_WARN_UNDECLARED_SELECTOR = YES;
				GCC_WARN_UNINITIALIZED_AUTOS = YES_AGGRESSIVE;
				GCC_WARN_UNUSED_FUNCTION = YES;
				GCC_WARN_UNUSED_VARIABLE = YES;
				IPHONEOS_DEPLOYMENT_TARGET = 10.3;
				MTL_ENABLE_DEBUG_INFO = NO;
				SDKROOT = iphoneos;
				SWIFT_OPTIMIZATION_LEVEL = "-Owholemodule";
				TARGETED_DEVICE_FAMILY = "1,2";
				VALIDATE_PRODUCT = YES;
			};
			name = Release;
		};
		84F9441B1F6FECD4006EE87C /* Debug */ = {
			isa = XCBuildConfiguration;
			baseConfigurationReference = 98071D99C3A64FCEB141BE31 /* Pods-AroundAI.debug.xcconfig */;
			buildSettings = {
				ASSETCATALOG_COMPILER_APPICON_NAME = AppIcon;
				CODE_SIGN_ENTITLEMENTS = AroundAI/AroundAI.entitlements;
				DEVELOPMENT_TEAM = SUBZ24DP5B;
				INFOPLIST_FILE = AroundAI/Info.plist;
				LD_RUNPATH_SEARCH_PATHS = "$(inherited) @executable_path/Frameworks";
				PRODUCT_BUNDLE_IDENTIFIER = PanaCloud.AroundAI;
				PRODUCT_NAME = "$(TARGET_NAME)";
				SWIFT_VERSION = 3.0;
			};
			name = Debug;
		};
		84F9441C1F6FECD4006EE87C /* Release */ = {
			isa = XCBuildConfiguration;
			baseConfigurationReference = FDF88E3631F6E1D1C3F180F1 /* Pods-AroundAI.release.xcconfig */;
			buildSettings = {
				ASSETCATALOG_COMPILER_APPICON_NAME = AppIcon;
				CODE_SIGN_ENTITLEMENTS = AroundAI/AroundAI.entitlements;
				DEVELOPMENT_TEAM = SUBZ24DP5B;
				INFOPLIST_FILE = AroundAI/Info.plist;
				LD_RUNPATH_SEARCH_PATHS = "$(inherited) @executable_path/Frameworks";
				PRODUCT_BUNDLE_IDENTIFIER = PanaCloud.AroundAI;
				PRODUCT_NAME = "$(TARGET_NAME)";
				SWIFT_VERSION = 3.0;
			};
			name = Release;
		};
		84F9441E1F6FECD4006EE87C /* Debug */ = {
			isa = XCBuildConfiguration;
			baseConfigurationReference = 6F340D4C980AF6082E0075A1 /* Pods-AroundAITests.debug.xcconfig */;
			buildSettings = {
				ALWAYS_EMBED_SWIFT_STANDARD_LIBRARIES = YES;
				BUNDLE_LOADER = "$(TEST_HOST)";
				DEVELOPMENT_TEAM = SUBZ24DP5B;
				INFOPLIST_FILE = AroundAITests/Info.plist;
				LD_RUNPATH_SEARCH_PATHS = "$(inherited) @executable_path/Frameworks @loader_path/Frameworks";
				PRODUCT_BUNDLE_IDENTIFIER = PanaCloud.AroundAITests;
				PRODUCT_NAME = "$(TARGET_NAME)";
				SWIFT_VERSION = 3.0;
				TEST_HOST = "$(BUILT_PRODUCTS_DIR)/AroundAI.app/AroundAI";
			};
			name = Debug;
		};
		84F9441F1F6FECD4006EE87C /* Release */ = {
			isa = XCBuildConfiguration;
			baseConfigurationReference = 3F0E37B785E68E6F090BBFC5 /* Pods-AroundAITests.release.xcconfig */;
			buildSettings = {
				ALWAYS_EMBED_SWIFT_STANDARD_LIBRARIES = YES;
				BUNDLE_LOADER = "$(TEST_HOST)";
				DEVELOPMENT_TEAM = SUBZ24DP5B;
				INFOPLIST_FILE = AroundAITests/Info.plist;
				LD_RUNPATH_SEARCH_PATHS = "$(inherited) @executable_path/Frameworks @loader_path/Frameworks";
				PRODUCT_BUNDLE_IDENTIFIER = PanaCloud.AroundAITests;
				PRODUCT_NAME = "$(TARGET_NAME)";
				SWIFT_VERSION = 3.0;
				TEST_HOST = "$(BUILT_PRODUCTS_DIR)/AroundAI.app/AroundAI";
			};
			name = Release;
		};
		84F944211F6FECD4006EE87C /* Debug */ = {
			isa = XCBuildConfiguration;
			baseConfigurationReference = 552015EE0424D0663E9492DF /* Pods-AroundAIUITests.debug.xcconfig */;
			buildSettings = {
				ALWAYS_EMBED_SWIFT_STANDARD_LIBRARIES = YES;
				DEVELOPMENT_TEAM = SUBZ24DP5B;
				INFOPLIST_FILE = AroundAIUITests/Info.plist;
				LD_RUNPATH_SEARCH_PATHS = "$(inherited) @executable_path/Frameworks @loader_path/Frameworks";
				PRODUCT_BUNDLE_IDENTIFIER = PanaCloud.AroundAIUITests;
				PRODUCT_NAME = "$(TARGET_NAME)";
				SWIFT_VERSION = 3.0;
				TEST_TARGET_NAME = AroundAI;
			};
			name = Debug;
		};
		84F944221F6FECD4006EE87C /* Release */ = {
			isa = XCBuildConfiguration;
			baseConfigurationReference = 2DDF62C5C7371E338F12720D /* Pods-AroundAIUITests.release.xcconfig */;
			buildSettings = {
				ALWAYS_EMBED_SWIFT_STANDARD_LIBRARIES = YES;
				DEVELOPMENT_TEAM = SUBZ24DP5B;
				INFOPLIST_FILE = AroundAIUITests/Info.plist;
				LD_RUNPATH_SEARCH_PATHS = "$(inherited) @executable_path/Frameworks @loader_path/Frameworks";
				PRODUCT_BUNDLE_IDENTIFIER = PanaCloud.AroundAIUITests;
				PRODUCT_NAME = "$(TARGET_NAME)";
				SWIFT_VERSION = 3.0;
				TEST_TARGET_NAME = AroundAI;
			};
			name = Release;
		};
/* End XCBuildConfiguration section */

/* Begin XCConfigurationList section */
		84F943EA1F6FECD4006EE87C /* Build configuration list for PBXProject "AroundAI" */ = {
			isa = XCConfigurationList;
			buildConfigurations = (
				84F944181F6FECD4006EE87C /* Debug */,
				84F944191F6FECD4006EE87C /* Release */,
			);
			defaultConfigurationIsVisible = 0;
			defaultConfigurationName = Release;
		};
		84F9441A1F6FECD4006EE87C /* Build configuration list for PBXNativeTarget "AroundAI" */ = {
			isa = XCConfigurationList;
			buildConfigurations = (
				84F9441B1F6FECD4006EE87C /* Debug */,
				84F9441C1F6FECD4006EE87C /* Release */,
			);
			defaultConfigurationIsVisible = 0;
			defaultConfigurationName = Release;
		};
		84F9441D1F6FECD4006EE87C /* Build configuration list for PBXNativeTarget "AroundAITests" */ = {
			isa = XCConfigurationList;
			buildConfigurations = (
				84F9441E1F6FECD4006EE87C /* Debug */,
				84F9441F1F6FECD4006EE87C /* Release */,
			);
			defaultConfigurationIsVisible = 0;
			defaultConfigurationName = Release;
		};
		84F944201F6FECD4006EE87C /* Build configuration list for PBXNativeTarget "AroundAIUITests" */ = {
			isa = XCConfigurationList;
			buildConfigurations = (
				84F944211F6FECD4006EE87C /* Debug */,
				84F944221F6FECD4006EE87C /* Release */,
			);
			defaultConfigurationIsVisible = 0;
			defaultConfigurationName = Release;
		};
/* End XCConfigurationList section */

/* Begin XCVersionGroup section */
		84F943F91F6FECD4006EE87C /* AroundAI.xcdatamodeld */ = {
			isa = XCVersionGroup;
			children = (
				84F943FA1F6FECD4006EE87C /* AroundAI.xcdatamodel */,
			);
			currentVersion = 84F943FA1F6FECD4006EE87C /* AroundAI.xcdatamodel */;
			path = AroundAI.xcdatamodeld;
			sourceTree = "<group>";
			versionGroupType = wrapper.xcdatamodel;
		};
/* End XCVersionGroup section */
	};
	rootObject = 84F943E71F6FECD4006EE87C /* Project object */;
}
